
Microsoft Visual Studio Solution File, Format Version 12.00
# Visual Studio Version 16
VisualStudioVersion = 16.0.31727.386
MinimumVisualStudioVersion = 10.0.40219.1
Project("{9A19103F-16F7-4668-BE54-9A1E7A4F7556}") = "ConsoleApp1", "ConsoleApp1\ConsoleApp1.csproj", "{BDA76040-926E-4C2E-BCD2-6E62E7E8AB36}"
EndProject
Project("{FAE04EC0-301F-11D3-BF4B-00C04F79EFBC}") = "ConsoleApp2", "ConsoleApp2\ConsoleApp2.csproj", "{D3F92DE1-A16C-4AC2-A76D-8AA9335B052F}"
EndProject
Global
	GlobalSection(SolutionConfigurationPlatforms) = preSolution
		Debug|Any CPU = Debug|Any CPU
		Release|Any CPU = Release|Any CPU
	EndGlobalSection
	GlobalSection(ProjectConfigurationPlatforms) = postSolution
		{BDA76040-926E-4C2E-BCD2-6E62E7E8AB36}.Debug|Any CPU.ActiveCfg = Debug|Any CPU
		{BDA76040-926E-4C2E-BCD2-6E62E7E8AB36}.Debug|Any CPU.Build.0 = Debug|Any CPU
		{BDA76040-926E-4C2E-BCD2-6E62E7E8AB36}.Release|Any CPU.ActiveCfg = Release|Any CPU
		{BDA76040-926E-4C2E-BCD2-6E62E7E8AB36}.Release|Any CPU.Build.0 = Release|Any CPU
		{D3F92DE1-A16C-4AC2-A76D-8AA9335B052F}.Debug|Any CPU.ActiveCfg = Debug|Any CPU
		{D3F92DE1-A16C-4AC2-A76D-8AA9335B052F}.Debug|Any CPU.Build.0 = Debug|Any CPU
		{D3F92DE1-A16C-4AC2-A76D-8AA9335B052F}.Release|Any CPU.ActiveCfg = Release|Any CPU
		{D3F92DE1-A16C-4AC2-A76D-8AA9335B052F}.Release|Any CPU.Build.0 = Release|Any CPU
	EndGlobalSection
	GlobalSection(SolutionProperties) = preSolution
		HideSolutionNode = FALSE
	EndGlobalSection
	GlobalSection(ExtensibilityGlobals) = postSolution
		SolutionGuid = {92089286-A2E7-4930-9037-0EAAAD8238D5}
	EndGlobalSection
EndGlobal
