
Microsoft Visual Studio Solution File, Format Version 12.00
# Visual Studio Version 16
VisualStudioVersion = 16.0.31727.386
MinimumVisualStudioVersion = 10.0.40219.1
Project("{FAE04EC0-301F-11D3-BF4B-00C04F79EFBC}") = "WinFormsApp1", "WinFormsApp1\WinFormsApp1.csproj", "{E8A2E731-BCE8-4475-AD31-0D694CABFD9E}"
EndProject
Global
	GlobalSection(SolutionConfigurationPlatforms) = preSolution
		Debug|Any CPU = Debug|Any CPU
		Release|Any CPU = Release|Any CPU
	EndGlobalSection
	GlobalSection(ProjectConfigurationPlatforms) = postSolution
		{E8A2E731-BCE8-4475-AD31-0D694CABFD9E}.Debug|Any CPU.ActiveCfg = Debug|Any CPU
		{E8A2E731-BCE8-4475-AD31-0D694CABFD9E}.Debug|Any CPU.Build.0 = Debug|Any CPU
		{E8A2E731-BCE8-4475-AD31-0D694CABFD9E}.Release|Any CPU.ActiveCfg = Release|Any CPU
		{E8A2E731-BCE8-4475-AD31-0D694CABFD9E}.Release|Any CPU.Build.0 = Release|Any CPU
	EndGlobalSection
	GlobalSection(SolutionProperties) = preSolution
		HideSolutionNode = FALSE
	EndGlobalSection
	GlobalSection(ExtensibilityGlobals) = postSolution
		SolutionGuid = {2351409F-B47E-4DE0-8BA2-BD6FFD503F6E}
	EndGlobalSection
EndGlobal
