
Microsoft Visual Studio Solution File, Format Version 12.00
# Visual Studio Version 16
VisualStudioVersion = 16.0.31727.386
MinimumVisualStudioVersion = 10.0.40219.1
Project("{FAE04EC0-301F-11D3-BF4B-00C04F79EFBC}") = "WindowsFormsApp1", "WindowsFormsApp1\WindowsFormsApp1.csproj", "{04F744AD-8CD6-4CF2-AEC0-F382526E833C}"
EndProject
Global
	GlobalSection(SolutionConfigurationPlatforms) = preSolution
		Debug|Any CPU = Debug|Any CPU
		Release|Any CPU = Release|Any CPU
	EndGlobalSection
	GlobalSection(ProjectConfigurationPlatforms) = postSolution
		{04F744AD-8CD6-4CF2-AEC0-F382526E833C}.Debug|Any CPU.ActiveCfg = Debug|Any CPU
		{04F744AD-8CD6-4CF2-AEC0-F382526E833C}.Debug|Any CPU.Build.0 = Debug|Any CPU
		{04F744AD-8CD6-4CF2-AEC0-F382526E833C}.Release|Any CPU.ActiveCfg = Release|Any CPU
		{04F744AD-8CD6-4CF2-AEC0-F382526E833C}.Release|Any CPU.Build.0 = Release|Any CPU
	EndGlobalSection
	GlobalSection(SolutionProperties) = preSolution
		HideSolutionNode = FALSE
	EndGlobalSection
	GlobalSection(ExtensibilityGlobals) = postSolution
		SolutionGuid = {BE690711-F578-4B66-962B-DE473CEB6282}
	EndGlobalSection
EndGlobal
